// !$*UTF8*$!
{
	archiveVersion = 1;
	classes = {
	};
	objectVersion = 46;
	objects = {

/* Begin PBXBuildFile section */
		3A6A25A7B6F69354C94F2455 /* libPods.a in Frameworks */ = {isa = PBXBuildFile; fileRef = 3BBCC16336760317EDB46E4B /* libPods.a */; };
		669A04761CA909C000023E20 /* SMBlog10DayTableViewController.m in Sources */ = {isa = PBXBuildFile; fileRef = 669A03F51CA909C000023E20 /* SMBlog10DayTableViewController.m */; };
		669A04771CA909C000023E20 /* SMBlog48HourTableViewController.m in Sources */ = {isa = PBXBuildFile; fileRef = 669A03F81CA909C000023E20 /* SMBlog48HourTableViewController.m */; };
		669A04781CA909C000023E20 /* SMBlogLinkViewController.m in Sources */ = {isa = PBXBuildFile; fileRef = 669A03FB1CA909C000023E20 /* SMBlogLinkViewController.m */; };
		669A04791CA909C000023E20 /* SMBlogViewController.m in Sources */ = {isa = PBXBuildFile; fileRef = 669A03FD1CA909C000023E20 /* SMBlogViewController.m */; };
		669A047B1CA909C000023E20 /* SMBlogTableViewController.m in Sources */ = {isa = PBXBuildFile; fileRef = 669A04031CA909C000023E20 /* SMBlogTableViewController.m */; };
		669A047C1CA909C000023E20 /* SMBlogModel.m in Sources */ = {isa = PBXBuildFile; fileRef = 669A04061CA909C000023E20 /* SMBlogModel.m */; };
		669A047F1CA909C000023E20 /* SMBlogButton.m in Sources */ = {isa = PBXBuildFile; fileRef = 669A040C1CA909C000023E20 /* SMBlogButton.m */; };
		669A04801CA909C000023E20 /* SMBlogTableViewCell.m in Sources */ = {isa = PBXBuildFile; fileRef = 669A040E1CA909C000023E20 /* SMBlogTableViewCell.m */; };
		669A04821CA909C000023E20 /* SMBLogMoreTableViewController.m in Sources */ = {isa = PBXBuildFile; fileRef = 669A04141CA909C000023E20 /* SMBLogMoreTableViewController.m */; };
		669A04831CA909C000023E20 /* SMMoreBlogModel.m in Sources */ = {isa = PBXBuildFile; fileRef = 669A04171CA909C000023E20 /* SMMoreBlogModel.m */; };
		669A04861CA909C000023E20 /* SMMoreBlogTableViewCell.m in Sources */ = {isa = PBXBuildFile; fileRef = 669A041D1CA909C000023E20 /* SMMoreBlogTableViewCell.m */; };
		669A04871CA909C000023E20 /* SMBlogMainViewController.m in Sources */ = {isa = PBXBuildFile; fileRef = 669A041F1CA909C000023E20 /* SMBlogMainViewController.m */; };
		669A04881CA909C000023E20 /* ViewController.m in Sources */ = {isa = PBXBuildFile; fileRef = 669A04221CA909C000023E20 /* ViewController.m */; };
		669A04891CA909C000023E20 /* SMHotNewsTableViewController.m in Sources */ = {isa = PBXBuildFile; fileRef = 669A04261CA909C000023E20 /* SMHotNewsTableViewController.m */; };
		669A048A1CA909C000023E20 /* SMNewsViewController.m in Sources */ = {isa = PBXBuildFile; fileRef = 669A04291CA909C000023E20 /* SMNewsViewController.m */; };
		669A048C1CA909C000023E20 /* SMNewsTableViewController.m in Sources */ = {isa = PBXBuildFile; fileRef = 669A042F1CA909C000023E20 /* SMNewsTableViewController.m */; };
		669A048D1CA909C000023E20 /* SMNewsModel.m in Sources */ = {isa = PBXBuildFile; fileRef = 669A04321CA909C000023E20 /* SMNewsModel.m */; };
		669A04901CA909C000023E20 /* SMNewsButton.m in Sources */ = {isa = PBXBuildFile; fileRef = 669A04381CA909C000023E20 /* SMNewsButton.m */; };
		669A04911CA909C000023E20 /* SMNewsTableViewCell.m in Sources */ = {isa = PBXBuildFile; fileRef = 669A043A1CA909C000023E20 /* SMNewsTableViewCell.m */; };
		669A04921CA909C000023E20 /* SMNewsMainViewController.m in Sources */ = {isa = PBXBuildFile; fileRef = 669A043C1CA909C000023E20 /* SMNewsMainViewController.m */; };
		669A04931CA909C000023E20 /* AppDelegate.m in Sources */ = {isa = PBXBuildFile; fileRef = 669A043F1CA909C000023E20 /* AppDelegate.m */; };
		669A04941CA909C000023E20 /* NSString+SMDateStringFormatter.m in Sources */ = {isa = PBXBuildFile; fileRef = 669A04421CA909C000023E20 /* NSString+SMDateStringFormatter.m */; };
		669A04951CA909C000023E20 /* UIView+EasySetupFrame.m in Sources */ = {isa = PBXBuildFile; fileRef = 669A04441CA909C000023E20 /* UIView+EasySetupFrame.m */; };
		669A04961CA909C000023E20 /* CNBlogCoreData+CoreDataProperties.m in Sources */ = {isa = PBXBuildFile; fileRef = 669A04471CA909C000023E20 /* CNBlogCoreData+CoreDataProperties.m */; };
		669A04971CA909C000023E20 /* CNBlogCoreData.m in Sources */ = {isa = PBXBuildFile; fileRef = 669A04491CA909C000023E20 /* CNBlogCoreData.m */; };
		669A04981CA909C000023E20 /* CNNewsCoreData+CoreDataProperties.m in Sources */ = {isa = PBXBuildFile; fileRef = 669A044B1CA909C000023E20 /* CNNewsCoreData+CoreDataProperties.m */; };
		669A04991CA909C000023E20 /* CNNewsCoreData.m in Sources */ = {isa = PBXBuildFile; fileRef = 669A044D1CA909C000023E20 /* CNNewsCoreData.m */; };
		669A049A1CA909C000023E20 /* SMCoreDataTool.m in Sources */ = {isa = PBXBuildFile; fileRef = 669A04501CA909C000023E20 /* SMCoreDataTool.m */; };
		669A049B1CA909C000023E20 /* SMTagMenuView.m in Sources */ = {isa = PBXBuildFile; fileRef = 669A04521CA909C000023E20 /* SMTagMenuView.m */; };
		669A049C1CA909C000023E20 /* SMXMLParserTool.m in Sources */ = {isa = PBXBuildFile; fileRef = 669A04541CA909C000023E20 /* SMXMLParserTool.m */; };
		669A049D1CA909C000023E20 /* SMAttentionTableViewController.m in Sources */ = {isa = PBXBuildFile; fileRef = 669A04591CA909C000023E20 /* SMAttentionTableViewController.m */; };
		669A049E1CA909C000023E20 /* SMAttentionTableViewCell.m in Sources */ = {isa = PBXBuildFile; fileRef = 669A045D1CA909C000023E20 /* SMAttentionTableViewCell.m */; };
		669A049F1CA909C000023E20 /* SMAttentionTableViewCell.xib in Resources */ = {isa = PBXBuildFile; fileRef = 669A045E1CA909C000023E20 /* SMAttentionTableViewCell.xib */; };
		669A04A01CA909C000023E20 /* SMCollectionTableViewController.m in Sources */ = {isa = PBXBuildFile; fileRef = 669A04621CA909C000023E20 /* SMCollectionTableViewController.m */; };
		669A04A11CA909C000023E20 /* SMCollectionViewController.m in Sources */ = {isa = PBXBuildFile; fileRef = 669A04641CA909C000023E20 /* SMCollectionViewController.m */; };
		669A04A21CA909C000023E20 /* SMCollectionTableViewCell.m in Sources */ = {isa = PBXBuildFile; fileRef = 669A04681CA909C000023E20 /* SMCollectionTableViewCell.m */; };
		669A04A31CA909C000023E20 /* SMCollectionTableViewCell.xib in Resources */ = {isa = PBXBuildFile; fileRef = 669A04691CA909C000023E20 /* SMCollectionTableViewCell.xib */; };
		669A04A41CA909C000023E20 /* SMSettingMainTableViewController.m in Sources */ = {isa = PBXBuildFile; fileRef = 669A046B1CA909C000023E20 /* SMSettingMainTableViewController.m */; };
		669A04A51CA909C000023E20 /* SMSettingMainTableViewController.storyboard in Resources */ = {isa = PBXBuildFile; fileRef = 669A046C1CA909C000023E20 /* SMSettingMainTableViewController.storyboard */; };
		669A04A61CA909C000023E20 /* Assets.xcassets in Resources */ = {isa = PBXBuildFile; fileRef = 669A046E1CA909C000023E20 /* Assets.xcassets */; };
		669A04A81CA909C000023E20 /* CNBlog.xcdatamodeld in Sources */ = {isa = PBXBuildFile; fileRef = 669A04711CA909C000023E20 /* CNBlog.xcdatamodeld */; };
		669A04A91CA909C000023E20 /* Info.plist in Resources */ = {isa = PBXBuildFile; fileRef = 669A04731CA909C000023E20 /* Info.plist */; };
		669A04AA1CA909C000023E20 /* main.m in Sources */ = {isa = PBXBuildFile; fileRef = 669A04741CA909C000023E20 /* main.m */; };
		66ADA0391CA90FF900E84140 /* SMAttentionViewController.m in Sources */ = {isa = PBXBuildFile; fileRef = 66ADA0381CA90FF900E84140 /* SMAttentionViewController.m */; };
/* End PBXBuildFile section */

/* Begin PBXFileReference section */
		3BBCC16336760317EDB46E4B /* libPods.a */ = {isa = PBXFileReference; explicitFileType = archive.ar; includeInIndex = 0; path = libPods.a; sourceTree = BUILT_PRODUCTS_DIR; };
		669A03F41CA909C000023E20 /* SMBlog10DayTableViewController.h */ = {isa = PBXFileReference; fileEncoding = 4; lastKnownFileType = sourcecode.c.h; path = SMBlog10DayTableViewController.h; sourceTree = "<group>"; };
		669A03F51CA909C000023E20 /* SMBlog10DayTableViewController.m */ = {isa = PBXFileReference; fileEncoding = 4; lastKnownFileType = sourcecode.c.objc; path = SMBlog10DayTableViewController.m; sourceTree = "<group>"; };
		669A03F71CA909C000023E20 /* SMBlog48HourTableViewController.h */ = {isa = PBXFileReference; fileEncoding = 4; lastKnownFileType = sourcecode.c.h; path = SMBlog48HourTableViewController.h; sourceTree = "<group>"; };
		669A03F81CA909C000023E20 /* SMBlog48HourTableViewController.m */ = {isa = PBXFileReference; fileEncoding = 4; lastKnownFileType = sourcecode.c.objc; path = SMBlog48HourTableViewController.m; sourceTree = "<group>"; };
		669A03FA1CA909C000023E20 /* SMBlogLinkViewController.h */ = {isa = PBXFileReference; fileEncoding = 4; lastKnownFileType = sourcecode.c.h; path = SMBlogLinkViewController.h; sourceTree = "<group>"; };
		669A03FB1CA909C000023E20 /* SMBlogLinkViewController.m */ = {isa = PBXFileReference; fileEncoding = 4; lastKnownFileType = sourcecode.c.objc; path = SMBlogLinkViewController.m; sourceTree = "<group>"; };
		669A03FC1CA909C000023E20 /* SMBlogViewController.h */ = {isa = PBXFileReference; fileEncoding = 4; lastKnownFileType = sourcecode.c.h; path = SMBlogViewController.h; sourceTree = "<group>"; };
		669A03FD1CA909C000023E20 /* SMBlogViewController.m */ = {isa = PBXFileReference; fileEncoding = 4; lastKnownFileType = sourcecode.c.objc; path = SMBlogViewController.m; sourceTree = "<group>"; };
		669A04021CA909C000023E20 /* SMBlogTableViewController.h */ = {isa = PBXFileReference; fileEncoding = 4; lastKnownFileType = sourcecode.c.h; path = SMBlogTableViewController.h; sourceTree = "<group>"; };
		669A04031CA909C000023E20 /* SMBlogTableViewController.m */ = {isa = PBXFileReference; fileEncoding = 4; lastKnownFileType = sourcecode.c.objc; path = SMBlogTableViewController.m; sourceTree = "<group>"; };
		669A04051CA909C000023E20 /* SMBlogModel.h */ = {isa = PBXFileReference; fileEncoding = 4; lastKnownFileType = sourcecode.c.h; path = SMBlogModel.h; sourceTree = "<group>"; };
		669A04061CA909C000023E20 /* SMBlogModel.m */ = {isa = PBXFileReference; fileEncoding = 4; lastKnownFileType = sourcecode.c.objc; path = SMBlogModel.m; sourceTree = "<group>"; };
		669A040B1CA909C000023E20 /* SMBlogButton.h */ = {isa = PBXFileReference; fileEncoding = 4; lastKnownFileType = sourcecode.c.h; path = SMBlogButton.h; sourceTree = "<group>"; };
		669A040C1CA909C000023E20 /* SMBlogButton.m */ = {isa = PBXFileReference; fileEncoding = 4; lastKnownFileType = sourcecode.c.objc; path = SMBlogButton.m; sourceTree = "<group>"; };
		669A040D1CA909C000023E20 /* SMBlogTableViewCell.h */ = {isa = PBXFileReference; fileEncoding = 4; lastKnownFileType = sourcecode.c.h; path = SMBlogTableViewCell.h; sourceTree = "<group>"; };
		669A040E1CA909C000023E20 /* SMBlogTableViewCell.m */ = {isa = PBXFileReference; fileEncoding = 4; lastKnownFileType = sourcecode.c.objc; path = SMBlogTableViewCell.m; sourceTree = "<group>"; };
		669A04131CA909C000023E20 /* SMBLogMoreTableViewController.h */ = {isa = PBXFileReference; fileEncoding = 4; lastKnownFileType = sourcecode.c.h; path = SMBLogMoreTableViewController.h; sourceTree = "<group>"; };
		669A04141CA909C000023E20 /* SMBLogMoreTableViewController.m */ = {isa = PBXFileReference; fileEncoding = 4; lastKnownFileType = sourcecode.c.objc; path = SMBLogMoreTableViewController.m; sourceTree = "<group>"; };
		669A04161CA909C000023E20 /* SMMoreBlogModel.h */ = {isa = PBXFileReference; fileEncoding = 4; lastKnownFileType = sourcecode.c.h; path = SMMoreBlogModel.h; sourceTree = "<group>"; };
		669A04171CA909C000023E20 /* SMMoreBlogModel.m */ = {isa = PBXFileReference; fileEncoding = 4; lastKnownFileType = sourcecode.c.objc; path = SMMoreBlogModel.m; sourceTree = "<group>"; };
		669A041C1CA909C000023E20 /* SMMoreBlogTableViewCell.h */ = {isa = PBXFileReference; fileEncoding = 4; lastKnownFileType = sourcecode.c.h; path = SMMoreBlogTableViewCell.h; sourceTree = "<group>"; };
		669A041D1CA909C000023E20 /* SMMoreBlogTableViewCell.m */ = {isa = PBXFileReference; fileEncoding = 4; lastKnownFileType = sourcecode.c.objc; path = SMMoreBlogTableViewCell.m; sourceTree = "<group>"; };
		669A041E1CA909C000023E20 /* SMBlogMainViewController.h */ = {isa = PBXFileReference; fileEncoding = 4; lastKnownFileType = sourcecode.c.h; path = SMBlogMainViewController.h; sourceTree = "<group>"; };
		669A041F1CA909C000023E20 /* SMBlogMainViewController.m */ = {isa = PBXFileReference; fileEncoding = 4; lastKnownFileType = sourcecode.c.objc; path = SMBlogMainViewController.m; sourceTree = "<group>"; };
		669A04211CA909C000023E20 /* ViewController.h */ = {isa = PBXFileReference; fileEncoding = 4; lastKnownFileType = sourcecode.c.h; path = ViewController.h; sourceTree = "<group>"; };
		669A04221CA909C000023E20 /* ViewController.m */ = {isa = PBXFileReference; fileEncoding = 4; lastKnownFileType = sourcecode.c.objc; path = ViewController.m; sourceTree = "<group>"; };
		669A04251CA909C000023E20 /* SMHotNewsTableViewController.h */ = {isa = PBXFileReference; fileEncoding = 4; lastKnownFileType = sourcecode.c.h; path = SMHotNewsTableViewController.h; sourceTree = "<group>"; };
		669A04261CA909C000023E20 /* SMHotNewsTableViewController.m */ = {isa = PBXFileReference; fileEncoding = 4; lastKnownFileType = sourcecode.c.objc; path = SMHotNewsTableViewController.m; sourceTree = "<group>"; };
		669A04281CA909C000023E20 /* SMNewsViewController.h */ = {isa = PBXFileReference; fileEncoding = 4; lastKnownFileType = sourcecode.c.h; path = SMNewsViewController.h; sourceTree = "<group>"; };
		669A04291CA909C000023E20 /* SMNewsViewController.m */ = {isa = PBXFileReference; fileEncoding = 4; lastKnownFileType = sourcecode.c.objc; path = SMNewsViewController.m; sourceTree = "<group>"; };
		669A042E1CA909C000023E20 /* SMNewsTableViewController.h */ = {isa = PBXFileReference; fileEncoding = 4; lastKnownFileType = sourcecode.c.h; path = SMNewsTableViewController.h; sourceTree = "<group>"; };
		669A042F1CA909C000023E20 /* SMNewsTableViewController.m */ = {isa = PBXFileReference; fileEncoding = 4; lastKnownFileType = sourcecode.c.objc; path = SMNewsTableViewController.m; sourceTree = "<group>"; };
		669A04311CA909C000023E20 /* SMNewsModel.h */ = {isa = PBXFileReference; fileEncoding = 4; lastKnownFileType = sourcecode.c.h; path = SMNewsModel.h; sourceTree = "<group>"; };
		669A04321CA909C000023E20 /* SMNewsModel.m */ = {isa = PBXFileReference; fileEncoding = 4; lastKnownFileType = sourcecode.c.objc; path = SMNewsModel.m; sourceTree = "<group>"; };
		669A04371CA909C000023E20 /* SMNewsButton.h */ = {isa = PBXFileReference; fileEncoding = 4; lastKnownFileType = sourcecode.c.h; path = SMNewsButton.h; sourceTree = "<group>"; };
		669A04381CA909C000023E20 /* SMNewsButton.m */ = {isa = PBXFileReference; fileEncoding = 4; lastKnownFileType = sourcecode.c.objc; path = SMNewsButton.m; sourceTree = "<group>"; };
		669A04391CA909C000023E20 /* SMNewsTableViewCell.h */ = {isa = PBXFileReference; fileEncoding = 4; lastKnownFileType = sourcecode.c.h; path = SMNewsTableViewCell.h; sourceTree = "<group>"; };
		669A043A1CA909C000023E20 /* SMNewsTableViewCell.m */ = {isa = PBXFileReference; fileEncoding = 4; lastKnownFileType = sourcecode.c.objc; path = SMNewsTableViewCell.m; sourceTree = "<group>"; };
		669A043B1CA909C000023E20 /* SMNewsMainViewController.h */ = {isa = PBXFileReference; fileEncoding = 4; lastKnownFileType = sourcecode.c.h; path = SMNewsMainViewController.h; sourceTree = "<group>"; };
		669A043C1CA909C000023E20 /* SMNewsMainViewController.m */ = {isa = PBXFileReference; fileEncoding = 4; lastKnownFileType = sourcecode.c.objc; path = SMNewsMainViewController.m; sourceTree = "<group>"; };
		669A043E1CA909C000023E20 /* AppDelegate.h */ = {isa = PBXFileReference; fileEncoding = 4; lastKnownFileType = sourcecode.c.h; path = AppDelegate.h; sourceTree = "<group>"; };
		669A043F1CA909C000023E20 /* AppDelegate.m */ = {isa = PBXFileReference; fileEncoding = 4; lastKnownFileType = sourcecode.c.objc; path = AppDelegate.m; sourceTree = "<group>"; };
		669A04411CA909C000023E20 /* NSString+SMDateStringFormatter.h */ = {isa = PBXFileReference; fileEncoding = 4; lastKnownFileType = sourcecode.c.h; path = "NSString+SMDateStringFormatter.h"; sourceTree = "<group>"; };
		669A04421CA909C000023E20 /* NSString+SMDateStringFormatter.m */ = {isa = PBXFileReference; fileEncoding = 4; lastKnownFileType = sourcecode.c.objc; path = "NSString+SMDateStringFormatter.m"; sourceTree = "<group>"; };
		669A04431CA909C000023E20 /* UIView+EasySetupFrame.h */ = {isa = PBXFileReference; fileEncoding = 4; lastKnownFileType = sourcecode.c.h; path = "UIView+EasySetupFrame.h"; sourceTree = "<group>"; };
		669A04441CA909C000023E20 /* UIView+EasySetupFrame.m */ = {isa = PBXFileReference; fileEncoding = 4; lastKnownFileType = sourcecode.c.objc; path = "UIView+EasySetupFrame.m"; sourceTree = "<group>"; };
		669A04461CA909C000023E20 /* CNBlogCoreData+CoreDataProperties.h */ = {isa = PBXFileReference; fileEncoding = 4; lastKnownFileType = sourcecode.c.h; path = "CNBlogCoreData+CoreDataProperties.h"; sourceTree = "<group>"; };
		669A04471CA909C000023E20 /* CNBlogCoreData+CoreDataProperties.m */ = {isa = PBXFileReference; fileEncoding = 4; lastKnownFileType = sourcecode.c.objc; path = "CNBlogCoreData+CoreDataProperties.m"; sourceTree = "<group>"; };
		669A04481CA909C000023E20 /* CNBlogCoreData.h */ = {isa = PBXFileReference; fileEncoding = 4; lastKnownFileType = sourcecode.c.h; path = CNBlogCoreData.h; sourceTree = "<group>"; };
		669A04491CA909C000023E20 /* CNBlogCoreData.m */ = {isa = PBXFileReference; fileEncoding = 4; lastKnownFileType = sourcecode.c.objc; path = CNBlogCoreData.m; sourceTree = "<group>"; };
		669A044A1CA909C000023E20 /* CNNewsCoreData+CoreDataProperties.h */ = {isa = PBXFileReference; fileEncoding = 4; lastKnownFileType = sourcecode.c.h; path = "CNNewsCoreData+CoreDataProperties.h"; sourceTree = "<group>"; };
		669A044B1CA909C000023E20 /* CNNewsCoreData+CoreDataProperties.m */ = {isa = PBXFileReference; fileEncoding = 4; lastKnownFileType = sourcecode.c.objc; path = "CNNewsCoreData+CoreDataProperties.m"; sourceTree = "<group>"; };
		669A044C1CA909C000023E20 /* CNNewsCoreData.h */ = {isa = PBXFileReference; fileEncoding = 4; lastKnownFileType = sourcecode.c.h; path = CNNewsCoreData.h; sourceTree = "<group>"; };
		669A044D1CA909C000023E20 /* CNNewsCoreData.m */ = {isa = PBXFileReference; fileEncoding = 4; lastKnownFileType = sourcecode.c.objc; path = CNNewsCoreData.m; sourceTree = "<group>"; };
		669A044F1CA909C000023E20 /* SMCoreDataTool.h */ = {isa = PBXFileReference; fileEncoding = 4; lastKnownFileType = sourcecode.c.h; path = SMCoreDataTool.h; sourceTree = "<group>"; };
		669A04501CA909C000023E20 /* SMCoreDataTool.m */ = {isa = PBXFileReference; fileEncoding = 4; lastKnownFileType = sourcecode.c.objc; path = SMCoreDataTool.m; sourceTree = "<group>"; };
		669A04511CA909C000023E20 /* SMTagMenuView.h */ = {isa = PBXFileReference; fileEncoding = 4; lastKnownFileType = sourcecode.c.h; path = SMTagMenuView.h; sourceTree = "<group>"; };
		669A04521CA909C000023E20 /* SMTagMenuView.m */ = {isa = PBXFileReference; fileEncoding = 4; lastKnownFileType = sourcecode.c.objc; path = SMTagMenuView.m; sourceTree = "<group>"; };
		669A04531CA909C000023E20 /* SMXMLParserTool.h */ = {isa = PBXFileReference; fileEncoding = 4; lastKnownFileType = sourcecode.c.h; path = SMXMLParserTool.h; sourceTree = "<group>"; };
		669A04541CA909C000023E20 /* SMXMLParserTool.m */ = {isa = PBXFileReference; fileEncoding = 4; lastKnownFileType = sourcecode.c.objc; path = SMXMLParserTool.m; sourceTree = "<group>"; };
		669A04581CA909C000023E20 /* SMAttentionTableViewController.h */ = {isa = PBXFileReference; fileEncoding = 4; lastKnownFileType = sourcecode.c.h; path = SMAttentionTableViewController.h; sourceTree = "<group>"; };
		669A04591CA909C000023E20 /* SMAttentionTableViewController.m */ = {isa = PBXFileReference; fileEncoding = 4; lastKnownFileType = sourcecode.c.objc; path = SMAttentionTableViewController.m; sourceTree = "<group>"; };
		669A045C1CA909C000023E20 /* SMAttentionTableViewCell.h */ = {isa = PBXFileReference; fileEncoding = 4; lastKnownFileType = sourcecode.c.h; path = SMAttentionTableViewCell.h; sourceTree = "<group>"; };
		669A045D1CA909C000023E20 /* SMAttentionTableViewCell.m */ = {isa = PBXFileReference; fileEncoding = 4; lastKnownFileType = sourcecode.c.objc; path = SMAttentionTableViewCell.m; sourceTree = "<group>"; };
		669A045E1CA909C000023E20 /* SMAttentionTableViewCell.xib */ = {isa = PBXFileReference; fileEncoding = 4; lastKnownFileType = file.xib; path = SMAttentionTableViewCell.xib; sourceTree = "<group>"; };
		669A04611CA909C000023E20 /* SMCollectionTableViewController.h */ = {isa = PBXFileReference; fileEncoding = 4; lastKnownFileType = sourcecode.c.h; path = SMCollectionTableViewController.h; sourceTree = "<group>"; };
		669A04621CA909C000023E20 /* SMCollectionTableViewController.m */ = {isa = PBXFileReference; fileEncoding = 4; lastKnownFileType = sourcecode.c.objc; path = SMCollectionTableViewController.m; sourceTree = "<group>"; };
		669A04631CA909C000023E20 /* SMCollectionViewController.h */ = {isa = PBXFileReference; fileEncoding = 4; lastKnownFileType = sourcecode.c.h; path = SMCollectionViewController.h; sourceTree = "<group>"; };
		669A04641CA909C000023E20 /* SMCollectionViewController.m */ = {isa = PBXFileReference; fileEncoding = 4; lastKnownFileType = sourcecode.c.objc; path = SMCollectionViewController.m; sourceTree = "<group>"; };
		669A04671CA909C000023E20 /* SMCollectionTableViewCell.h */ = {isa = PBXFileReference; fileEncoding = 4; lastKnownFileType = sourcecode.c.h; path = SMCollectionTableViewCell.h; sourceTree = "<group>"; };
		669A04681CA909C000023E20 /* SMCollectionTableViewCell.m */ = {isa = PBXFileReference; fileEncoding = 4; lastKnownFileType = sourcecode.c.objc; path = SMCollectionTableViewCell.m; sourceTree = "<group>"; };
		669A04691CA909C000023E20 /* SMCollectionTableViewCell.xib */ = {isa = PBXFileReference; fileEncoding = 4; lastKnownFileType = file.xib; path = SMCollectionTableViewCell.xib; sourceTree = "<group>"; };
		669A046A1CA909C000023E20 /* SMSettingMainTableViewController.h */ = {isa = PBXFileReference; fileEncoding = 4; lastKnownFileType = sourcecode.c.h; path = SMSettingMainTableViewController.h; sourceTree = "<group>"; };
		669A046B1CA909C000023E20 /* SMSettingMainTableViewController.m */ = {isa = PBXFileReference; fileEncoding = 4; lastKnownFileType = sourcecode.c.objc; path = SMSettingMainTableViewController.m; sourceTree = "<group>"; };
		669A046C1CA909C000023E20 /* SMSettingMainTableViewController.storyboard */ = {isa = PBXFileReference; fileEncoding = 4; lastKnownFileType = file.storyboard; path = SMSettingMainTableViewController.storyboard; sourceTree = "<group>"; };
		669A046E1CA909C000023E20 /* Assets.xcassets */ = {isa = PBXFileReference; lastKnownFileType = folder.assetcatalog; path = Assets.xcassets; sourceTree = "<group>"; };
		669A04721CA909C000023E20 /* CNBlog.xcdatamodel */ = {isa = PBXFileReference; lastKnownFileType = wrapper.xcdatamodel; path = CNBlog.xcdatamodel; sourceTree = "<group>"; };
		669A04731CA909C000023E20 /* Info.plist */ = {isa = PBXFileReference; fileEncoding = 4; lastKnownFileType = text.plist.xml; path = Info.plist; sourceTree = "<group>"; };
		669A04741CA909C000023E20 /* main.m */ = {isa = PBXFileReference; fileEncoding = 4; lastKnownFileType = sourcecode.c.objc; path = main.m; sourceTree = "<group>"; };
		669A04751CA909C000023E20 /* PrefixHeader.pch */ = {isa = PBXFileReference; fileEncoding = 4; lastKnownFileType = sourcecode.c.h; path = PrefixHeader.pch; sourceTree = "<group>"; };
		66ADA0371CA90FF900E84140 /* SMAttentionViewController.h */ = {isa = PBXFileReference; fileEncoding = 4; lastKnownFileType = sourcecode.c.h; path = SMAttentionViewController.h; sourceTree = "<group>"; };
		66ADA0381CA90FF900E84140 /* SMAttentionViewController.m */ = {isa = PBXFileReference; fileEncoding = 4; lastKnownFileType = sourcecode.c.objc; path = SMAttentionViewController.m; sourceTree = "<group>"; };
		66F6F8811C84273D00043864 /* CNBlog.app */ = {isa = PBXFileReference; explicitFileType = wrapper.application; includeInIndex = 0; path = CNBlog.app; sourceTree = BUILT_PRODUCTS_DIR; };
		70F571558350F6B5A80DEBB3 /* Pods.release.xcconfig */ = {isa = PBXFileReference; includeInIndex = 1; lastKnownFileType = text.xcconfig; name = Pods.release.xcconfig; path = "Pods/Target Support Files/Pods/Pods.release.xcconfig"; sourceTree = "<group>"; };
		7C1A2FEBA323E3C4A23BFF1D /* Pods.debug.xcconfig */ = {isa = PBXFileReference; includeInIndex = 1; lastKnownFileType = text.xcconfig; name = Pods.debug.xcconfig; path = "Pods/Target Support Files/Pods/Pods.debug.xcconfig"; sourceTree = "<group>"; };
/* End PBXFileReference section */

/* Begin PBXFrameworksBuildPhase section */
		66F6F87E1C84273D00043864 /* Frameworks */ = {
			isa = PBXFrameworksBuildPhase;
			buildActionMask = 2147483647;
			files = (
				3A6A25A7B6F69354C94F2455 /* libPods.a in Frameworks */,
			);
			runOnlyForDeploymentPostprocessing = 0;
		};
/* End PBXFrameworksBuildPhase section */

/* Begin PBXGroup section */
		2F93F56ACD3261181953D202 /* Frameworks */ = {
			isa = PBXGroup;
			children = (
				3BBCC16336760317EDB46E4B /* libPods.a */,
			);
			name = Frameworks;
			sourceTree = "<group>";
		};
		3CE4364BBC55E9545F97996D /* Pods */ = {
			isa = PBXGroup;
			children = (
				7C1A2FEBA323E3C4A23BFF1D /* Pods.debug.xcconfig */,
				70F571558350F6B5A80DEBB3 /* Pods.release.xcconfig */,
			);
			name = Pods;
			sourceTree = "<group>";
		};
		669A03F21CA909C000023E20 /* Blog(博客) */ = {
			isa = PBXGroup;
			children = (
				669A03F31CA909C000023E20 /* 10Day(10日) */,
				669A03F61CA909C000023E20 /* 48Hour(48小时阅读) */,
				669A03F91CA909C000023E20 /* Blog(博客页面) */,
				669A03FE1CA909C000023E20 /* BlogMain(首页) */,
				669A040F1CA909C000023E20 /* More(更多推荐) */,
				669A041E1CA909C000023E20 /* SMBlogMainViewController.h */,
				669A041F1CA909C000023E20 /* SMBlogMainViewController.m */,
			);
			path = "Blog(博客)";
			sourceTree = "<group>";
		};
		669A03F31CA909C000023E20 /* 10Day(10日) */ = {
			isa = PBXGroup;
			children = (
				669A03F41CA909C000023E20 /* SMBlog10DayTableViewController.h */,
				669A03F51CA909C000023E20 /* SMBlog10DayTableViewController.m */,
			);
			path = "10Day(10日)";
			sourceTree = "<group>";
		};
		669A03F61CA909C000023E20 /* 48Hour(48小时阅读) */ = {
			isa = PBXGroup;
			children = (
				669A03F71CA909C000023E20 /* SMBlog48HourTableViewController.h */,
				669A03F81CA909C000023E20 /* SMBlog48HourTableViewController.m */,
			);
			path = "48Hour(48小时阅读)";
			sourceTree = "<group>";
		};
		669A03F91CA909C000023E20 /* Blog(博客页面) */ = {
			isa = PBXGroup;
			children = (
				669A03FA1CA909C000023E20 /* SMBlogLinkViewController.h */,
				669A03FB1CA909C000023E20 /* SMBlogLinkViewController.m */,
				669A03FC1CA909C000023E20 /* SMBlogViewController.h */,
				669A03FD1CA909C000023E20 /* SMBlogViewController.m */,
			);
			path = "Blog(博客页面)";
			sourceTree = "<group>";
		};
		669A03FE1CA909C000023E20 /* BlogMain(首页) */ = {
			isa = PBXGroup;
			children = (
				669A03FF1CA909C000023E20 /* Controller */,
				669A04041CA909C000023E20 /* Model */,
				669A04071CA909C000023E20 /* View */,
			);
			path = "BlogMain(首页)";
			sourceTree = "<group>";
		};
		669A03FF1CA909C000023E20 /* Controller */ = {
			isa = PBXGroup;
			children = (
				669A04021CA909C000023E20 /* SMBlogTableViewController.h */,
				669A04031CA909C000023E20 /* SMBlogTableViewController.m */,
			);
			path = Controller;
			sourceTree = "<group>";
		};
		669A04041CA909C000023E20 /* Model */ = {
			isa = PBXGroup;
			children = (
				669A04051CA909C000023E20 /* SMBlogModel.h */,
				669A04061CA909C000023E20 /* SMBlogModel.m */,
			);
			path = Model;
			sourceTree = "<group>";
		};
		669A04071CA909C000023E20 /* View */ = {
			isa = PBXGroup;
			children = (
				669A040B1CA909C000023E20 /* SMBlogButton.h */,
				669A040C1CA909C000023E20 /* SMBlogButton.m */,
				669A040D1CA909C000023E20 /* SMBlogTableViewCell.h */,
				669A040E1CA909C000023E20 /* SMBlogTableViewCell.m */,
			);
			path = View;
			sourceTree = "<group>";
		};
		669A040F1CA909C000023E20 /* More(更多推荐) */ = {
			isa = PBXGroup;
			children = (
				669A04101CA909C000023E20 /* Controller */,
				669A04151CA909C000023E20 /* Model */,
				669A04181CA909C000023E20 /* View */,
			);
			path = "More(更多推荐)";
			sourceTree = "<group>";
		};
		669A04101CA909C000023E20 /* Controller */ = {
			isa = PBXGroup;
			children = (
				669A04131CA909C000023E20 /* SMBLogMoreTableViewController.h */,
				669A04141CA909C000023E20 /* SMBLogMoreTableViewController.m */,
			);
			path = Controller;
			sourceTree = "<group>";
		};
		669A04151CA909C000023E20 /* Model */ = {
			isa = PBXGroup;
			children = (
				669A04161CA909C000023E20 /* SMMoreBlogModel.h */,
				669A04171CA909C000023E20 /* SMMoreBlogModel.m */,
			);
			path = Model;
			sourceTree = "<group>";
		};
		669A04181CA909C000023E20 /* View */ = {
			isa = PBXGroup;
			children = (
				669A041C1CA909C000023E20 /* SMMoreBlogTableViewCell.h */,
				669A041D1CA909C000023E20 /* SMMoreBlogTableViewCell.m */,
			);
			path = View;
			sourceTree = "<group>";
		};
		669A04201CA909C000023E20 /* Main */ = {
			isa = PBXGroup;
			children = (
				669A04211CA909C000023E20 /* ViewController.h */,
				669A04221CA909C000023E20 /* ViewController.m */,
			);
			path = Main;
			sourceTree = "<group>";
		};
		669A04231CA909C000023E20 /* News(新闻) */ = {
			isa = PBXGroup;
			children = (
				669A04241CA909C000023E20 /* Hot(热门新闻) */,
				669A04271CA909C000023E20 /* News(新闻页面) */,
				669A042A1CA909C000023E20 /* Recent(最新新闻) */,
				669A043B1CA909C000023E20 /* SMNewsMainViewController.h */,
				669A043C1CA909C000023E20 /* SMNewsMainViewController.m */,
			);
			path = "News(新闻)";
			sourceTree = "<group>";
		};
		669A04241CA909C000023E20 /* Hot(热门新闻) */ = {
			isa = PBXGroup;
			children = (
				669A04251CA909C000023E20 /* SMHotNewsTableViewController.h */,
				669A04261CA909C000023E20 /* SMHotNewsTableViewController.m */,
			);
			path = "Hot(热门新闻)";
			sourceTree = "<group>";
		};
		669A04271CA909C000023E20 /* News(新闻页面) */ = {
			isa = PBXGroup;
			children = (
				669A04281CA909C000023E20 /* SMNewsViewController.h */,
				669A04291CA909C000023E20 /* SMNewsViewController.m */,
			);
			path = "News(新闻页面)";
			sourceTree = "<group>";
		};
		669A042A1CA909C000023E20 /* Recent(最新新闻) */ = {
			isa = PBXGroup;
			children = (
				669A042B1CA909C000023E20 /* Controller */,
				669A04301CA909C000023E20 /* Model */,
				669A04331CA909C000023E20 /* View */,
			);
			path = "Recent(最新新闻)";
			sourceTree = "<group>";
		};
		669A042B1CA909C000023E20 /* Controller */ = {
			isa = PBXGroup;
			children = (
				669A042E1CA909C000023E20 /* SMNewsTableViewController.h */,
				669A042F1CA909C000023E20 /* SMNewsTableViewController.m */,
			);
			path = Controller;
			sourceTree = "<group>";
		};
		669A04301CA909C000023E20 /* Model */ = {
			isa = PBXGroup;
			children = (
				669A04311CA909C000023E20 /* SMNewsModel.h */,
				669A04321CA909C000023E20 /* SMNewsModel.m */,
			);
			path = Model;
			sourceTree = "<group>";
		};
		669A04331CA909C000023E20 /* View */ = {
			isa = PBXGroup;
			children = (
				669A04371CA909C000023E20 /* SMNewsButton.h */,
				669A04381CA909C000023E20 /* SMNewsButton.m */,
				669A04391CA909C000023E20 /* SMNewsTableViewCell.h */,
				669A043A1CA909C000023E20 /* SMNewsTableViewCell.m */,
			);
			path = View;
			sourceTree = "<group>";
		};
		669A043D1CA909C000023E20 /* Other(其他) */ = {
			isa = PBXGroup;
			children = (
				669A043E1CA909C000023E20 /* AppDelegate.h */,
				669A043F1CA909C000023E20 /* AppDelegate.m */,
				669A04401CA909C000023E20 /* Catagory */,
				669A04451CA909C000023E20 /* CoreData */,
				669A044E1CA909C000023E20 /* Tools */,
			);
			path = "Other(其他)";
			sourceTree = "<group>";
		};
		669A04401CA909C000023E20 /* Catagory */ = {
			isa = PBXGroup;
			children = (
				669A04411CA909C000023E20 /* NSString+SMDateStringFormatter.h */,
				669A04421CA909C000023E20 /* NSString+SMDateStringFormatter.m */,
				669A04431CA909C000023E20 /* UIView+EasySetupFrame.h */,
				669A04441CA909C000023E20 /* UIView+EasySetupFrame.m */,
			);
			path = Catagory;
			sourceTree = "<group>";
		};
		669A04451CA909C000023E20 /* CoreData */ = {
			isa = PBXGroup;
			children = (
				669A04461CA909C000023E20 /* CNBlogCoreData+CoreDataProperties.h */,
				669A04471CA909C000023E20 /* CNBlogCoreData+CoreDataProperties.m */,
				669A04481CA909C000023E20 /* CNBlogCoreData.h */,
				669A04491CA909C000023E20 /* CNBlogCoreData.m */,
				669A044A1CA909C000023E20 /* CNNewsCoreData+CoreDataProperties.h */,
				669A044B1CA909C000023E20 /* CNNewsCoreData+CoreDataProperties.m */,
				669A044C1CA909C000023E20 /* CNNewsCoreData.h */,
				669A044D1CA909C000023E20 /* CNNewsCoreData.m */,
			);
			path = CoreData;
			sourceTree = "<group>";
		};
		669A044E1CA909C000023E20 /* Tools */ = {
			isa = PBXGroup;
			children = (
				669A044F1CA909C000023E20 /* SMCoreDataTool.h */,
				669A04501CA909C000023E20 /* SMCoreDataTool.m */,
				669A04511CA909C000023E20 /* SMTagMenuView.h */,
				669A04521CA909C000023E20 /* SMTagMenuView.m */,
				669A04531CA909C000023E20 /* SMXMLParserTool.h */,
				669A04541CA909C000023E20 /* SMXMLParserTool.m */,
			);
			path = Tools;
			sourceTree = "<group>";
		};
		669A04551CA909C000023E20 /* Setting(设置) */ = {
			isa = PBXGroup;
			children = (
				669A04561CA909C000023E20 /* Attention(我的关注) */,
				669A045F1CA909C000023E20 /* Collection(我的收藏) */,
				669A046A1CA909C000023E20 /* SMSettingMainTableViewController.h */,
				669A046B1CA909C000023E20 /* SMSettingMainTableViewController.m */,
				669A046C1CA909C000023E20 /* SMSettingMainTableViewController.storyboard */,
			);
			path = "Setting(设置)";
			sourceTree = "<group>";
		};
		669A04561CA909C000023E20 /* Attention(我的关注) */ = {
			isa = PBXGroup;
			children = (
				669A04571CA909C000023E20 /* Controller */,
				669A045A1CA909C000023E20 /* Model */,
				669A045B1CA909C000023E20 /* View */,
			);
			path = "Attention(我的关注)";
			sourceTree = "<group>";
		};
		669A04571CA909C000023E20 /* Controller */ = {
			isa = PBXGroup;
			children = (
				669A04581CA909C000023E20 /* SMAttentionTableViewController.h */,
				669A04591CA909C000023E20 /* SMAttentionTableViewController.m */,
				66ADA0371CA90FF900E84140 /* SMAttentionViewController.h */,
				66ADA0381CA90FF900E84140 /* SMAttentionViewController.m */,
			);
			path = Controller;
			sourceTree = "<group>";
		};
		669A045A1CA909C000023E20 /* Model */ = {
			isa = PBXGroup;
			children = (
			);
			path = Model;
			sourceTree = "<group>";
		};
		669A045B1CA909C000023E20 /* View */ = {
			isa = PBXGroup;
			children = (
				669A045C1CA909C000023E20 /* SMAttentionTableViewCell.h */,
				669A045D1CA909C000023E20 /* SMAttentionTableViewCell.m */,
				669A045E1CA909C000023E20 /* SMAttentionTableViewCell.xib */,
			);
			path = View;
			sourceTree = "<group>";
		};
		669A045F1CA909C000023E20 /* Collection(我的收藏) */ = {
			isa = PBXGroup;
			children = (
				669A04601CA909C000023E20 /* Controller */,
				669A04651CA909C000023E20 /* Model */,
				669A04661CA909C000023E20 /* View */,
			);
			path = "Collection(我的收藏)";
			sourceTree = "<group>";
		};
		669A04601CA909C000023E20 /* Controller */ = {
			isa = PBXGroup;
			children = (
				669A04611CA909C000023E20 /* SMCollectionTableViewController.h */,
				669A04621CA909C000023E20 /* SMCollectionTableViewController.m */,
				669A04631CA909C000023E20 /* SMCollectionViewController.h */,
				669A04641CA909C000023E20 /* SMCollectionViewController.m */,
			);
			path = Controller;
			sourceTree = "<group>";
		};
		669A04651CA909C000023E20 /* Model */ = {
			isa = PBXGroup;
			children = (
			);
			path = Model;
			sourceTree = "<group>";
		};
		669A04661CA909C000023E20 /* View */ = {
			isa = PBXGroup;
			children = (
				669A04671CA909C000023E20 /* SMCollectionTableViewCell.h */,
				669A04681CA909C000023E20 /* SMCollectionTableViewCell.m */,
				669A04691CA909C000023E20 /* SMCollectionTableViewCell.xib */,
			);
			path = View;
			sourceTree = "<group>";
		};
		669A046D1CA909C000023E20 /* Supporting File */ = {
			isa = PBXGroup;
			children = (
				669A046E1CA909C000023E20 /* Assets.xcassets */,
				669A04711CA909C000023E20 /* CNBlog.xcdatamodeld */,
				669A04731CA909C000023E20 /* Info.plist */,
				669A04741CA909C000023E20 /* main.m */,
				669A04751CA909C000023E20 /* PrefixHeader.pch */,
			);
			path = "Supporting File";
			sourceTree = "<group>";
		};
		66F6F8781C84273D00043864 = {
			isa = PBXGroup;
			children = (
				66F6F8831C84273D00043864 /* CNBlog */,
				66F6F8821C84273D00043864 /* Products */,
				3CE4364BBC55E9545F97996D /* Pods */,
				2F93F56ACD3261181953D202 /* Frameworks */,
			);
			sourceTree = "<group>";
		};
		66F6F8821C84273D00043864 /* Products */ = {
			isa = PBXGroup;
			children = (
				66F6F8811C84273D00043864 /* CNBlog.app */,
			);
			name = Products;
			sourceTree = "<group>";
		};
		66F6F8831C84273D00043864 /* CNBlog */ = {
			isa = PBXGroup;
			children = (
				669A04201CA909C000023E20 /* Main */,
				669A03F21CA909C000023E20 /* Blog(博客) */,
				669A04231CA909C000023E20 /* News(新闻) */,
				669A043D1CA909C000023E20 /* Other(其他) */,
				669A04551CA909C000023E20 /* Setting(设置) */,
				669A046D1CA909C000023E20 /* Supporting File */,
			);
			path = CNBlog;
			sourceTree = "<group>";
		};
/* End PBXGroup section */

/* Begin PBXNativeTarget section */
		66F6F8801C84273D00043864 /* CNBlog */ = {
			isa = PBXNativeTarget;
			buildConfigurationList = 66F6F8981C84273D00043864 /* Build configuration list for PBXNativeTarget "CNBlog" */;
			buildPhases = (
				894493548D7300940F28AF25 /* Check Pods Manifest.lock */,
				66F6F87D1C84273D00043864 /* Sources */,
				66F6F87E1C84273D00043864 /* Frameworks */,
				66F6F87F1C84273D00043864 /* Resources */,
				CD109ECC8C4FEDFC3D0BB6BC /* Embed Pods Frameworks */,
				E31A9E772E9F2FB5216876FE /* Copy Pods Resources */,
			);
			buildRules = (
			);
			dependencies = (
			);
			name = CNBlog;
			productName = CNBlog;
			productReference = 66F6F8811C84273D00043864 /* CNBlog.app */;
			productType = "com.apple.product-type.application";
		};
/* End PBXNativeTarget section */

/* Begin PBXProject section */
		66F6F8791C84273D00043864 /* Project object */ = {
			isa = PBXProject;
			attributes = {
				LastUpgradeCheck = 0720;
				ORGANIZATIONNAME = zzZgHhui;
				TargetAttributes = {
					66F6F8801C84273D00043864 = {
						CreatedOnToolsVersion = 7.2;
						DevelopmentTeam = 8S8A5TJJXB;
					};
				};
			};
			buildConfigurationList = 66F6F87C1C84273D00043864 /* Build configuration list for PBXProject "CNBlog" */;
			compatibilityVersion = "Xcode 3.2";
			developmentRegion = English;
			hasScannedForEncodings = 0;
			knownRegions = (
				en,
				Base,
			);
			mainGroup = 66F6F8781C84273D00043864;
			productRefGroup = 66F6F8821C84273D00043864 /* Products */;
			projectDirPath = "";
			projectRoot = "";
			targets = (
				66F6F8801C84273D00043864 /* CNBlog */,
			);
		};
/* End PBXProject section */

/* Begin PBXResourcesBuildPhase section */
		66F6F87F1C84273D00043864 /* Resources */ = {
			isa = PBXResourcesBuildPhase;
			buildActionMask = 2147483647;
			files = (
				669A04A61CA909C000023E20 /* Assets.xcassets in Resources */,
				669A04A51CA909C000023E20 /* SMSettingMainTableViewController.storyboard in Resources */,
				669A04A31CA909C000023E20 /* SMCollectionTableViewCell.xib in Resources */,
				669A04A91CA909C000023E20 /* Info.plist in Resources */,
				669A049F1CA909C000023E20 /* SMAttentionTableViewCell.xib in Resources */,
			);
			runOnlyForDeploymentPostprocessing = 0;
		};
/* End PBXResourcesBuildPhase section */

/* Begin PBXShellScriptBuildPhase section */
		894493548D7300940F28AF25 /* Check Pods Manifest.lock */ = {
			isa = PBXShellScriptBuildPhase;
			buildActionMask = 2147483647;
			files = (
			);
			inputPaths = (
			);
			name = "Check Pods Manifest.lock";
			outputPaths = (
			);
			runOnlyForDeploymentPostprocessing = 0;
			shellPath = /bin/sh;
			shellScript = "diff \"${PODS_ROOT}/../Podfile.lock\" \"${PODS_ROOT}/Manifest.lock\" > /dev/null\nif [[ $? != 0 ]] ; then\n    cat << EOM\nerror: The sandbox is not in sync with the Podfile.lock. Run 'pod install' or update your CocoaPods installation.\nEOM\n    exit 1\nfi\n";
			showEnvVarsInLog = 0;
		};
		CD109ECC8C4FEDFC3D0BB6BC /* Embed Pods Frameworks */ = {
			isa = PBXShellScriptBuildPhase;
			buildActionMask = 2147483647;
			files = (
			);
			inputPaths = (
			);
			name = "Embed Pods Frameworks";
			outputPaths = (
			);
			runOnlyForDeploymentPostprocessing = 0;
			shellPath = /bin/sh;
			shellScript = "\"${SRCROOT}/Pods/Target Support Files/Pods/Pods-frameworks.sh\"\n";
			showEnvVarsInLog = 0;
		};
		E31A9E772E9F2FB5216876FE /* Copy Pods Resources */ = {
			isa = PBXShellScriptBuildPhase;
			buildActionMask = 2147483647;
			files = (
			);
			inputPaths = (
			);
			name = "Copy Pods Resources";
			outputPaths = (
			);
			runOnlyForDeploymentPostprocessing = 0;
			shellPath = /bin/sh;
			shellScript = "\"${SRCROOT}/Pods/Target Support Files/Pods/Pods-resources.sh\"\n";
			showEnvVarsInLog = 0;
		};
/* End PBXShellScriptBuildPhase section */

/* Begin PBXSourcesBuildPhase section */
		66F6F87D1C84273D00043864 /* Sources */ = {
			isa = PBXSourcesBuildPhase;
			buildActionMask = 2147483647;
			files = (
				669A04911CA909C000023E20 /* SMNewsTableViewCell.m in Sources */,
				669A04771CA909C000023E20 /* SMBlog48HourTableViewController.m in Sources */,
				669A04781CA909C000023E20 /* SMBlogLinkViewController.m in Sources */,
				669A04941CA909C000023E20 /* NSString+SMDateStringFormatter.m in Sources */,
				669A04AA1CA909C000023E20 /* main.m in Sources */,
				669A04791CA909C000023E20 /* SMBlogViewController.m in Sources */,
				669A04981CA909C000023E20 /* CNNewsCoreData+CoreDataProperties.m in Sources */,
				669A04A41CA909C000023E20 /* SMSettingMainTableViewController.m in Sources */,
				669A04991CA909C000023E20 /* CNNewsCoreData.m in Sources */,
				669A049B1CA909C000023E20 /* SMTagMenuView.m in Sources */,
				669A04891CA909C000023E20 /* SMHotNewsTableViewController.m in Sources */,
				669A04821CA909C000023E20 /* SMBLogMoreTableViewController.m in Sources */,
				669A048C1CA909C000023E20 /* SMNewsTableViewController.m in Sources */,
				669A049E1CA909C000023E20 /* SMAttentionTableViewCell.m in Sources */,
				669A048A1CA909C000023E20 /* SMNewsViewController.m in Sources */,
				669A04951CA909C000023E20 /* UIView+EasySetupFrame.m in Sources */,
				669A04A21CA909C000023E20 /* SMCollectionTableViewCell.m in Sources */,
				669A04A11CA909C000023E20 /* SMCollectionViewController.m in Sources */,
				669A04A01CA909C000023E20 /* SMCollectionTableViewController.m in Sources */,
				66ADA0391CA90FF900E84140 /* SMAttentionViewController.m in Sources */,
				669A049D1CA909C000023E20 /* SMAttentionTableViewController.m in Sources */,
				669A049C1CA909C000023E20 /* SMXMLParserTool.m in Sources */,
				669A04761CA909C000023E20 /* SMBlog10DayTableViewController.m in Sources */,
				669A04971CA909C000023E20 /* CNBlogCoreData.m in Sources */,
				669A04871CA909C000023E20 /* SMBlogMainViewController.m in Sources */,
				669A04961CA909C000023E20 /* CNBlogCoreData+CoreDataProperties.m in Sources */,
				669A047B1CA909C000023E20 /* SMBlogTableViewController.m in Sources */,
				669A04A81CA909C000023E20 /* CNBlog.xcdatamodeld in Sources */,
				669A04861CA909C000023E20 /* SMMoreBlogTableViewCell.m in Sources */,
				669A047F1CA909C000023E20 /* SMBlogButton.m in Sources */,
				669A04801CA909C000023E20 /* SMBlogTableViewCell.m in Sources */,
				669A04831CA909C000023E20 /* SMMoreBlogModel.m in Sources */,
				669A049A1CA909C000023E20 /* SMCoreDataTool.m in Sources */,
				669A04921CA909C000023E20 /* SMNewsMainViewController.m in Sources */,
				669A04881CA909C000023E20 /* ViewController.m in Sources */,
				669A048D1CA909C000023E20 /* SMNewsModel.m in Sources */,
				669A04931CA909C000023E20 /* AppDelegate.m in Sources */,
				669A047C1CA909C000023E20 /* SMBlogModel.m in Sources */,
				669A04901CA909C000023E20 /* SMNewsButton.m in Sources */,
			);
			runOnlyForDeploymentPostprocessing = 0;
		};
/* End PBXSourcesBuildPhase section */

/* Begin XCBuildConfiguration section */
		66F6F8961C84273D00043864 /* Debug */ = {
			isa = XCBuildConfiguration;
			buildSettings = {
				ALWAYS_SEARCH_USER_PATHS = NO;
				CLANG_CXX_LANGUAGE_STANDARD = "gnu++0x";
				CLANG_CXX_LIBRARY = "libc++";
				CLANG_ENABLE_MODULES = YES;
				CLANG_ENABLE_OBJC_ARC = YES;
				CLANG_WARN_BOOL_CONVERSION = YES;
				CLANG_WARN_CONSTANT_CONVERSION = YES;
				CLANG_WARN_DIRECT_OBJC_ISA_USAGE = YES_ERROR;
				CLANG_WARN_EMPTY_BODY = YES;
				CLANG_WARN_ENUM_CONVERSION = YES;
				CLANG_WARN_INT_CONVERSION = YES;
				CLANG_WARN_OBJC_ROOT_CLASS = YES_ERROR;
				CLANG_WARN_UNREACHABLE_CODE = YES;
				CLANG_WARN__DUPLICATE_METHOD_MATCH = YES;
				"CODE_SIGN_IDENTITY[sdk=iphoneos*]" = "iPhone Developer";
				COPY_PHASE_STRIP = NO;
				DEBUG_INFORMATION_FORMAT = dwarf;
				ENABLE_STRICT_OBJC_MSGSEND = YES;
				ENABLE_TESTABILITY = YES;
				GCC_C_LANGUAGE_STANDARD = gnu99;
				GCC_DYNAMIC_NO_PIC = NO;
				GCC_NO_COMMON_BLOCKS = YES;
				GCC_OPTIMIZATION_LEVEL = 0;
				GCC_PREPROCESSOR_DEFINITIONS = (
					"DEBUG=1",
					"$(inherited)",
				);
				GCC_WARN_64_TO_32_BIT_CONVERSION = YES;
				GCC_WARN_ABOUT_RETURN_TYPE = YES_ERROR;
				GCC_WARN_UNDECLARED_SELECTOR = YES;
				GCC_WARN_UNINITIALIZED_AUTOS = YES_AGGRESSIVE;
				GCC_WARN_UNUSED_FUNCTION = YES;
				GCC_WARN_UNUSED_VARIABLE = YES;
				IPHONEOS_DEPLOYMENT_TARGET = 9.2;
				MTL_ENABLE_DEBUG_INFO = YES;
				ONLY_ACTIVE_ARCH = YES;
				SDKROOT = iphoneos;
			};
			name = Debug;
		};
		66F6F8971C84273D00043864 /* Release */ = {
			isa = XCBuildConfiguration;
			buildSettings = {
				ALWAYS_SEARCH_USER_PATHS = NO;
				CLANG_CXX_LANGUAGE_STANDARD = "gnu++0x";
				CLANG_CXX_LIBRARY = "libc++";
				CLANG_ENABLE_MODULES = YES;
				CLANG_ENABLE_OBJC_ARC = YES;
				CLANG_WARN_BOOL_CONVERSION = YES;
				CLANG_WARN_CONSTANT_CONVERSION = YES;
				CLANG_WARN_DIRECT_OBJC_ISA_USAGE = YES_ERROR;
				CLANG_WARN_EMPTY_BODY = YES;
				CLANG_WARN_ENUM_CONVERSION = YES;
				CLANG_WARN_INT_CONVERSION = YES;
				CLANG_WARN_OBJC_ROOT_CLASS = YES_ERROR;
				CLANG_WARN_UNREACHABLE_CODE = YES;
				CLANG_WARN__DUPLICATE_METHOD_MATCH = YES;
				"CODE_SIGN_IDENTITY[sdk=iphoneos*]" = "iPhone Developer";
				COPY_PHASE_STRIP = NO;
				DEBUG_INFORMATION_FORMAT = "dwarf-with-dsym";
				ENABLE_NS_ASSERTIONS = NO;
				ENABLE_STRICT_OBJC_MSGSEND = YES;
				GCC_C_LANGUAGE_STANDARD = gnu99;
				GCC_NO_COMMON_BLOCKS = YES;
				GCC_WARN_64_TO_32_BIT_CONVERSION = YES;
				GCC_WARN_ABOUT_RETURN_TYPE = YES_ERROR;
				GCC_WARN_UNDECLARED_SELECTOR = YES;
				GCC_WARN_UNINITIALIZED_AUTOS = YES_AGGRESSIVE;
				GCC_WARN_UNUSED_FUNCTION = YES;
				GCC_WARN_UNUSED_VARIABLE = YES;
				IPHONEOS_DEPLOYMENT_TARGET = 9.2;
				MTL_ENABLE_DEBUG_INFO = NO;
				SDKROOT = iphoneos;
				VALIDATE_PRODUCT = YES;
			};
			name = Release;
		};
		66F6F8991C84273D00043864 /* Debug */ = {
			isa = XCBuildConfiguration;
			baseConfigurationReference = 7C1A2FEBA323E3C4A23BFF1D /* Pods.debug.xcconfig */;
			buildSettings = {
				ASSETCATALOG_COMPILER_APPICON_NAME = AppIcon;
				ASSETCATALOG_COMPILER_LAUNCHIMAGE_NAME = LaunchImage;
				GCC_PRECOMPILE_PREFIX_HEADER = YES;
				GCC_PREFIX_HEADER = "$SRCROOT/CNBlog/Supporting File/PrefixHeader.pch";
				INFOPLIST_FILE = "$(SRCROOT)/CNBlog/Supporting File/Info.plist";
				LD_RUNPATH_SEARCH_PATHS = "$(inherited) @executable_path/Frameworks";
				PRODUCT_BUNDLE_IDENTIFIER = com.easyToCode.CNBlog;
				PRODUCT_NAME = "$(TARGET_NAME)";
			};
			name = Debug;
		};
		66F6F89A1C84273D00043864 /* Release */ = {
			isa = XCBuildConfiguration;
			baseConfigurationReference = 70F571558350F6B5A80DEBB3 /* Pods.release.xcconfig */;
			buildSettings = {
				ASSETCATALOG_COMPILER_APPICON_NAME = AppIcon;
				ASSETCATALOG_COMPILER_LAUNCHIMAGE_NAME = LaunchImage;
				GCC_PRECOMPILE_PREFIX_HEADER = YES;
				GCC_PREFIX_HEADER = "$SRCROOT/CNBlog/Supporting File/PrefixHeader.pch";
				INFOPLIST_FILE = "$(SRCROOT)/CNBlog/Supporting File/Info.plist";
				LD_RUNPATH_SEARCH_PATHS = "$(inherited) @executable_path/Frameworks";
				PRODUCT_BUNDLE_IDENTIFIER = com.easyToCode.CNBlog;
				PRODUCT_NAME = "$(TARGET_NAME)";
			};
			name = Release;
		};
/* End XCBuildConfiguration section */

/* Begin XCConfigurationList section */
		66F6F87C1C84273D00043864 /* Build configuration list for PBXProject "CNBlog" */ = {
			isa = XCConfigurationList;
			buildConfigurations = (
				66F6F8961C84273D00043864 /* Debug */,
				66F6F8971C84273D00043864 /* Release */,
			);
			defaultConfigurationIsVisible = 0;
			defaultConfigurationName = Release;
		};
		66F6F8981C84273D00043864 /* Build configuration list for PBXNativeTarget "CNBlog" */ = {
			isa = XCConfigurationList;
			buildConfigurations = (
				66F6F8991C84273D00043864 /* Debug */,
				66F6F89A1C84273D00043864 /* Release */,
			);
			defaultConfigurationIsVisible = 0;
			defaultConfigurationName = Release;
		};
/* End XCConfigurationList section */

/* Begin XCVersionGroup section */
		669A04711CA909C000023E20 /* CNBlog.xcdatamodeld */ = {
			isa = XCVersionGroup;
			children = (
				669A04721CA909C000023E20 /* CNBlog.xcdatamodel */,
			);
			currentVersion = 669A04721CA909C000023E20 /* CNBlog.xcdatamodel */;
			path = CNBlog.xcdatamodeld;
			sourceTree = "<group>";
			versionGroupType = wrapper.xcdatamodel;
		};
/* End XCVersionGroup section */
	};
	rootObject = 66F6F8791C84273D00043864 /* Project object */;
}
